// !$*UTF8*$!
{
	archiveVersion = 1;
	classes = {
	};
	objectVersion = 50;
	objects = {

/* Begin PBXBuildFile section */
		CEA88562280FF9750095EDED /* recipeSaverApp.swift in Sources */ = {isa = PBXBuildFile; fileRef = CEA88561280FF9750095EDED /* recipeSaverApp.swift */; };
		CEA88564280FF9750095EDED /* ContentView.swift in Sources */ = {isa = PBXBuildFile; fileRef = CEA88563280FF9750095EDED /* ContentView.swift */; };
		CEA88566280FF9780095EDED /* Assets.xcassets in Resources */ = {isa = PBXBuildFile; fileRef = CEA88565280FF9780095EDED /* Assets.xcassets */; };
		CEA88569280FF9780095EDED /* Preview Assets.xcassets in Resources */ = {isa = PBXBuildFile; fileRef = CEA88568280FF9780095EDED /* Preview Assets.xcassets */; };
		CEA88578280FFA680095EDED /* homeView.swift in Sources */ = {isa = PBXBuildFile; fileRef = CEA88577280FFA680095EDED /* homeView.swift */; };
		CEA8857C280FFA7D0095EDED /* categoriesView.swift in Sources */ = {isa = PBXBuildFile; fileRef = CEA8857B280FFA7D0095EDED /* categoriesView.swift */; };
		CEA8857F280FFA920095EDED /* newRecipeView.swift in Sources */ = {isa = PBXBuildFile; fileRef = CEA8857E280FFA920095EDED /* newRecipeView.swift */; };
		CEA88582280FFAA50095EDED /* favoritesView.swift in Sources */ = {isa = PBXBuildFile; fileRef = CEA88581280FFAA50095EDED /* favoritesView.swift */; };
		CEA88586280FFAC20095EDED /* settingsView.swift in Sources */ = {isa = PBXBuildFile; fileRef = CEA88585280FFAC20095EDED /* settingsView.swift */; };
		CEA8858A281001020095EDED /* tabView.swift in Sources */ = {isa = PBXBuildFile; fileRef = CEA88589281001020095EDED /* tabView.swift */; };
		CEA8858D281017D20095EDED /* recipeModel.swift in Sources */ = {isa = PBXBuildFile; fileRef = CEA8858C281017D20095EDED /* recipeModel.swift */; };
		CEA88590281040090095EDED /* recipeCard.swift in Sources */ = {isa = PBXBuildFile; fileRef = CEA8858F281040080095EDED /* recipeCard.swift */; };
/* End PBXBuildFile section */

/* Begin PBXFileReference section */
		CEA8855E280FF9750095EDED /* recipeSaver.app */ = {isa = PBXFileReference; explicitFileType = wrapper.application; includeInIndex = 0; path = recipeSaver.app; sourceTree = BUILT_PRODUCTS_DIR; };
		CEA88561280FF9750095EDED /* recipeSaverApp.swift */ = {isa = PBXFileReference; lastKnownFileType = sourcecode.swift; path = recipeSaverApp.swift; sourceTree = "<group>"; };
		CEA88563280FF9750095EDED /* ContentView.swift */ = {isa = PBXFileReference; lastKnownFileType = sourcecode.swift; path = ContentView.swift; sourceTree = "<group>"; };
		CEA88565280FF9780095EDED /* Assets.xcassets */ = {isa = PBXFileReference; lastKnownFileType = folder.assetcatalog; path = Assets.xcassets; sourceTree = "<group>"; };
		CEA88568280FF9780095EDED /* Preview Assets.xcassets */ = {isa = PBXFileReference; lastKnownFileType = folder.assetcatalog; path = "Preview Assets.xcassets"; sourceTree = "<group>"; };
		CEA8856A280FF9780095EDED /* Info.plist */ = {isa = PBXFileReference; lastKnownFileType = text.plist.xml; path = Info.plist; sourceTree = "<group>"; };
		CEA88577280FFA680095EDED /* homeView.swift */ = {isa = PBXFileReference; lastKnownFileType = sourcecode.swift; path = homeView.swift; sourceTree = "<group>"; };
		CEA8857B280FFA7D0095EDED /* categoriesView.swift */ = {isa = PBXFileReference; lastKnownFileType = sourcecode.swift; path = categoriesView.swift; sourceTree = "<group>"; };
		CEA8857E280FFA920095EDED /* newRecipeView.swift */ = {isa = PBXFileReference; lastKnownFileType = sourcecode.swift; path = newRecipeView.swift; sourceTree = "<group>"; };
		CEA88581280FFAA50095EDED /* favoritesView.swift */ = {isa = PBXFileReference; lastKnownFileType = sourcecode.swift; path = favoritesView.swift; sourceTree = "<group>"; };
		CEA88585280FFAC20095EDED /* settingsView.swift */ = {isa = PBXFileReference; lastKnownFileType = sourcecode.swift; path = settingsView.swift; sourceTree = "<group>"; };
		CEA88589281001020095EDED /* tabView.swift */ = {isa = PBXFileReference; lastKnownFileType = sourcecode.swift; path = tabView.swift; sourceTree = "<group>"; };
		CEA8858C281017D20095EDED /* recipeModel.swift */ = {isa = PBXFileReference; lastKnownFileType = sourcecode.swift; path = recipeModel.swift; sourceTree = "<group>"; };
		CEA8858F281040080095EDED /* recipeCard.swift */ = {isa = PBXFileReference; lastKnownFileType = sourcecode.swift; path = recipeCard.swift; sourceTree = "<group>"; };
/* End PBXFileReference section */

/* Begin PBXFrameworksBuildPhase section */
		CEA8855B280FF9750095EDED /* Frameworks */ = {
			isa = PBXFrameworksBuildPhase;
			buildActionMask = 2147483647;
			files = (
			);
			runOnlyForDeploymentPostprocessing = 0;
		};
/* End PBXFrameworksBuildPhase section */

/* Begin PBXGroup section */
		CEA88555280FF9750095EDED = {
			isa = PBXGroup;
			children = (
				CEA88560280FF9750095EDED /* recipeSaver */,
				CEA8855F280FF9750095EDED /* Products */,
			);
			sourceTree = "<group>";
		};
		CEA8855F280FF9750095EDED /* Products */ = {
			isa = PBXGroup;
			children = (
				CEA8855E280FF9750095EDED /* recipeSaver.app */,
			);
			name = Products;
			sourceTree = "<group>";
		};
		CEA88560280FF9750095EDED /* recipeSaver */ = {
			isa = PBXGroup;
			children = (
				CEA88573280FF9F80095EDED /* model */,
				CEA88572280FF9EF0095EDED /* viewModel */,
				CEA88571280FF9E40095EDED /* view */,
				CEA88561280FF9750095EDED /* recipeSaverApp.swift */,
				CEA88565280FF9780095EDED /* Assets.xcassets */,
				CEA8856A280FF9780095EDED /* Info.plist */,
				CEA88567280FF9780095EDED /* Preview Content */,
			);
			path = recipeSaver;
			sourceTree = "<group>";
		};
		CEA88567280FF9780095EDED /* Preview Content */ = {
			isa = PBXGroup;
			children = (
				CEA88568280FF9780095EDED /* Preview Assets.xcassets */,
			);
			path = "Preview Content";
			sourceTree = "<group>";
		};
		CEA88571280FF9E40095EDED /* view */ = {
			isa = PBXGroup;
			children = (
				CEA88576280FFA120095EDED /* component */,
				CEA88575280FFA0C0095EDED /* detail */,
				CEA88574280FFA060095EDED /* main */,
			);
			path = view;
			sourceTree = "<group>";
		};
		CEA88572280FF9EF0095EDED /* viewModel */ = {
			isa = PBXGroup;
			children = (
			);
			path = viewModel;
			sourceTree = "<group>";
		};
		CEA88573280FF9F80095EDED /* model */ = {
			isa = PBXGroup;
			children = (
				CEA8858C281017D20095EDED /* recipeModel.swift */,
			);
			path = model;
			sourceTree = "<group>";
		};
		CEA88574280FFA060095EDED /* main */ = {
			isa = PBXGroup;
			children = (
				CEA88563280FF9750095EDED /* ContentView.swift */,
				CEA88577280FFA680095EDED /* homeView.swift */,
				CEA8857B280FFA7D0095EDED /* categoriesView.swift */,
				CEA8857E280FFA920095EDED /* newRecipeView.swift */,
				CEA88581280FFAA50095EDED /* favoritesView.swift */,
				CEA88585280FFAC20095EDED /* settingsView.swift */,
				CEA88589281001020095EDED /* tabView.swift */,
			);
			path = main;
			sourceTree = "<group>";
		};
		CEA88575280FFA0C0095EDED /* detail */ = {
			isa = PBXGroup;
			children = (
			);
			path = detail;
			sourceTree = "<group>";
		};
		CEA88576280FFA120095EDED /* component */ = {
			isa = PBXGroup;
			children = (
				CEA8858F281040080095EDED /* recipeCard.swift */,
			);
			path = component;
			sourceTree = "<group>";
		};
/* End PBXGroup section */

/* Begin PBXNativeTarget section */
		CEA8855D280FF9750095EDED /* recipeSaver */ = {
			isa = PBXNativeTarget;
			buildConfigurationList = CEA8856D280FF9780095EDED /* Build configuration list for PBXNativeTarget "recipeSaver" */;
			buildPhases = (
				CEA8855A280FF9750095EDED /* Sources */,
				CEA8855B280FF9750095EDED /* Frameworks */,
				CEA8855C280FF9750095EDED /* Resources */,
			);
			buildRules = (
			);
			dependencies = (
			);
			name = recipeSaver;
			productName = recipeSaver;
			productReference = CEA8855E280FF9750095EDED /* recipeSaver.app */;
			productType = "com.apple.product-type.application";
		};
/* End PBXNativeTarget section */

/* Begin PBXProject section */
		CEA88556280FF9750095EDED /* Project object */ = {
			isa = PBXProject;
			attributes = {
				LastSwiftUpdateCheck = 1240;
				LastUpgradeCheck = 1240;
				TargetAttributes = {
					CEA8855D280FF9750095EDED = {
						CreatedOnToolsVersion = 12.4;
					};
				};
			};
			buildConfigurationList = CEA88559280FF9750095EDED /* Build configuration list for PBXProject "recipeSaver" */;
			compatibilityVersion = "Xcode 9.3";
			developmentRegion = en;
			hasScannedForEncodings = 0;
			knownRegions = (
				en,
				Base,
			);
			mainGroup = CEA88555280FF9750095EDED;
			productRefGroup = CEA8855F280FF9750095EDED /* Products */;
			projectDirPath = "";
			projectRoot = "";
			targets = (
				CEA8855D280FF9750095EDED /* recipeSaver */,
			);
		};
/* End PBXProject section */

/* Begin PBXResourcesBuildPhase section */
		CEA8855C280FF9750095EDED /* Resources */ = {
			isa = PBXResourcesBuildPhase;
			buildActionMask = 2147483647;
			files = (
				CEA88569280FF9780095EDED /* Preview Assets.xcassets in Resources */,
				CEA88566280FF9780095EDED /* Assets.xcassets in Resources */,
			);
			runOnlyForDeploymentPostprocessing = 0;
		};
/* End PBXResourcesBuildPhase section */

/* Begin PBXSourcesBuildPhase section */
		CEA8855A280FF9750095EDED /* Sources */ = {
			isa = PBXSourcesBuildPhase;
			buildActionMask = 2147483647;
			files = (
				CEA8857C280FFA7D0095EDED /* categoriesView.swift in Sources */,
				CEA88590281040090095EDED /* recipeCard.swift in Sources */,
				CEA88564280FF9750095EDED /* ContentView.swift in Sources */,
				CEA8858A281001020095EDED /* tabView.swift in Sources */,
				CEA88586280FFAC20095EDED /* settingsView.swift in Sources */,
				CEA8857F280FFA920095EDED /* newRecipeView.swift in Sources */,
				CEA88562280FF9750095EDED /* recipeSaverApp.swift in Sources */,
				CEA8858D281017D20095EDED /* recipeModel.swift in Sources */,
				CEA88582280FFAA50095EDED /* favoritesView.swift in Sources */,
				CEA88578280FFA680095EDED /* homeView.swift in Sources */,
			);
			runOnlyForDeploymentPostprocessing = 0;
		};
/* End PBXSourcesBuildPhase section */

/* Begin XCBuildConfiguration section */
		CEA8856B280FF9780095EDED /* Debug */ = {
			isa = XCBuildConfiguration;
			buildSettings = {
				ALWAYS_SEARCH_USER_PATHS = NO;
				CLANG_ANALYZER_NONNULL = YES;
				CLANG_ANALYZER_NUMBER_OBJECT_CONVERSION = YES_AGGRESSIVE;
				CLANG_CXX_LANGUAGE_STANDARD = "gnu++14";
				CLANG_CXX_LIBRARY = "libc++";
				CLANG_ENABLE_MODULES = YES;
				CLANG_ENABLE_OBJC_ARC = YES;
				CLANG_ENABLE_OBJC_WEAK = YES;
				CLANG_WARN_BLOCK_CAPTURE_AUTORELEASING = YES;
				CLANG_WARN_BOOL_CONVERSION = YES;
				CLANG_WARN_COMMA = YES;
				CLANG_WARN_CONSTANT_CONVERSION = YES;
				CLANG_WARN_DEPRECATED_OBJC_IMPLEMENTATIONS = YES;
				CLANG_WARN_DIRECT_OBJC_ISA_USAGE = YES_ERROR;
				CLANG_WARN_DOCUMENTATION_COMMENTS = YES;
				CLANG_WARN_EMPTY_BODY = YES;
				CLANG_WARN_ENUM_CONVERSION = YES;
				CLANG_WARN_INFINITE_RECURSION = YES;
				CLANG_WARN_INT_CONVERSION = YES;
				CLANG_WARN_NON_LITERAL_NULL_CONVERSION = YES;
				CLANG_WARN_OBJC_IMPLICIT_RETAIN_SELF = YES;
				CLANG_WARN_OBJC_LITERAL_CONVERSION = YES;
				CLANG_WARN_OBJC_ROOT_CLASS = YES_ERROR;
				CLANG_WARN_QUOTED_INCLUDE_IN_FRAMEWORK_HEADER = YES;
				CLANG_WARN_RANGE_LOOP_ANALYSIS = YES;
				CLANG_WARN_STRICT_PROTOTYPES = YES;
				CLANG_WARN_SUSPICIOUS_MOVE = YES;
				CLANG_WARN_UNGUARDED_AVAILABILITY = YES_AGGRESSIVE;
				CLANG_WARN_UNREACHABLE_CODE = YES;
				CLANG_WARN__DUPLICATE_METHOD_MATCH = YES;
				COPY_PHASE_STRIP = NO;
				DEBUG_INFORMATION_FORMAT = dwarf;
				ENABLE_STRICT_OBJC_MSGSEND = YES;
				ENABLE_TESTABILITY = YES;
				GCC_C_LANGUAGE_STANDARD = gnu11;
				GCC_DYNAMIC_NO_PIC = NO;
				GCC_NO_COMMON_BLOCKS = YES;
				GCC_OPTIMIZATION_LEVEL = 0;
				GCC_PREPROCESSOR_DEFINITIONS = (
					"DEBUG=1",
					"$(inherited)",
				);
				GCC_WARN_64_TO_32_BIT_CONVERSION = YES;
				GCC_WARN_ABOUT_RETURN_TYPE = YES_ERROR;
				GCC_WARN_UNDECLARED_SELECTOR = YES;
				GCC_WARN_UNINITIALIZED_AUTOS = YES_AGGRESSIVE;
				GCC_WARN_UNUSED_FUNCTION = YES;
				GCC_WARN_UNUSED_VARIABLE = YES;
				IPHONEOS_DEPLOYMENT_TARGET = 14.4;
				MTL_ENABLE_DEBUG_INFO = INCLUDE_SOURCE;
				MTL_FAST_MATH = YES;
				ONLY_ACTIVE_ARCH = YES;
				SDKROOT = iphoneos;
				SWIFT_ACTIVE_COMPILATION_CONDITIONS = DEBUG;
				SWIFT_OPTIMIZATION_LEVEL = "-Onone";
			};
			name = Debug;
		};
		CEA8856C280FF9780095EDED /* Release */ = {
			isa = XCBuildConfiguration;
			buildSettings = {
				ALWAYS_SEARCH_USER_PATHS = NO;
				CLANG_ANALYZER_NONNULL = YES;
				CLANG_ANALYZER_NUMBER_OBJECT_CONVERSION = YES_AGGRESSIVE;
				CLANG_CXX_LANGUAGE_STANDARD = "gnu++14";
				CLANG_CXX_LIBRARY = "libc++";
				CLANG_ENABLE_MODULES = YES;
				CLANG_ENABLE_OBJC_ARC = YES;
				CLANG_ENABLE_OBJC_WEAK = YES;
				CLANG_WARN_BLOCK_CAPTURE_AUTORELEASING = YES;
				CLANG_WARN_BOOL_CONVERSION = YES;
				CLANG_WARN_COMMA = YES;
				CLANG_WARN_CONSTANT_CONVERSION = YES;
				CLANG_WARN_DEPRECATED_OBJC_IMPLEMENTATIONS = YES;
				CLANG_WARN_DIRECT_OBJC_ISA_USAGE = YES_ERROR;
				CLANG_WARN_DOCUMENTATION_COMMENTS = YES;
				CLANG_WARN_EMPTY_BODY = YES;
				CLANG_WARN_ENUM_CONVERSION = YES;
				CLANG_WARN_INFINITE_RECURSION = YES;
				CLANG_WARN_INT_CONVERSION = YES;
				CLANG_WARN_NON_LITERAL_NULL_CONVERSION = YES;
				CLANG_WARN_OBJC_IMPLICIT_RETAIN_SELF = YES;
				CLANG_WARN_OBJC_LITERAL_CONVERSION = YES;
				CLANG_WARN_OBJC_ROOT_CLASS = YES_ERROR;
				CLANG_WARN_QUOTED_INCLUDE_IN_FRAMEWORK_HEADER = YES;
				CLANG_WARN_RANGE_LOOP_ANALYSIS = YES;
				CLANG_WARN_STRICT_PROTOTYPES = YES;
				CLANG_WARN_SUSPICIOUS_MOVE = YES;
				CLANG_WARN_UNGUARDED_AVAILABILITY = YES_AGGRESSIVE;
				CLANG_WARN_UNREACHABLE_CODE = YES;
				CLANG_WARN__DUPLICATE_METHOD_MATCH = YES;
				COPY_PHASE_STRIP = NO;
				DEBUG_INFORMATION_FORMAT = "dwarf-with-dsym";
				ENABLE_NS_ASSERTIONS = NO;
				ENABLE_STRICT_OBJC_MSGSEND = YES;
				GCC_C_LANGUAGE_STANDARD = gnu11;
				GCC_NO_COMMON_BLOCKS = YES;
				GCC_WARN_64_TO_32_BIT_CONVERSION = YES;
				GCC_WARN_ABOUT_RETURN_TYPE = YES_ERROR;
				GCC_WARN_UNDECLARED_SELECTOR = YES;
				GCC_WARN_UNINITIALIZED_AUTOS = YES_AGGRESSIVE;
				GCC_WARN_UNUSED_FUNCTION = YES;
				GCC_WARN_UNUSED_VARIABLE = YES;
				IPHONEOS_DEPLOYMENT_TARGET = 14.4;
				MTL_ENABLE_DEBUG_INFO = NO;
				MTL_FAST_MATH = YES;
				SDKROOT = iphoneos;
				SWIFT_COMPILATION_MODE = wholemodule;
				SWIFT_OPTIMIZATION_LEVEL = "-O";
				VALIDATE_PRODUCT = YES;
			};
			name = Release;
		};
		CEA8856E280FF9780095EDED /* Debug */ = {
			isa = XCBuildConfiguration;
			buildSettings = {
				ASSETCATALOG_COMPILER_APPICON_NAME = AppIcon;
				ASSETCATALOG_COMPILER_GLOBAL_ACCENT_COLOR_NAME = AccentColor;
				CODE_SIGN_STYLE = Automatic;
				DEVELOPMENT_ASSET_PATHS = "\"recipeSaver/Preview Content\"";
				ENABLE_PREVIEWS = YES;
				INFOPLIST_FILE = recipeSaver/Info.plist;
				IPHONEOS_DEPLOYMENT_TARGET = 14.0;
				LD_RUNPATH_SEARCH_PATHS = (
					"$(inherited)",
					"@executable_path/Frameworks",
				);
				PRODUCT_BUNDLE_IDENTIFIER = com.jamgbadi.recipeSaver;
				PRODUCT_NAME = "$(TARGET_NAME)";
				SWIFT_VERSION = 5.0;
				TARGETED_DEVICE_FAMILY = "1,2";
			};
			name = Debug;
		};
		CEA8856F280FF9780095EDED /* Release */ = {
			isa = XCBuildConfiguration;
			buildSettings = {
				ASSETCATALOG_COMPILER_APPICON_NAME = AppIcon;
				ASSETCATALOG_COMPILER_GLOBAL_ACCENT_COLOR_NAME = AccentColor;
				CODE_SIGN_STYLE = Automatic;
				DEVELOPMENT_ASSET_PATHS = "\"recipeSaver/Preview Content\"";
				ENABLE_PREVIEWS = YES;
				INFOPLIST_FILE = recipeSaver/Info.plist;
				IPHONEOS_DEPLOYMENT_TARGET = 14.0;
				LD_RUNPATH_SEARCH_PATHS = (
					"$(inherited)",
					"@executable_path/Frameworks",
				);
				PRODUCT_BUNDLE_IDENTIFIER = com.jamgbadi.recipeSaver;
				PRODUCT_NAME = "$(TARGET_NAME)";
				SWIFT_VERSION = 5.0;
				TARGETED_DEVICE_FAMILY = "1,2";
			};
			name = Release;
		};
/* End XCBuildConfiguration section */

/* Begin XCConfigurationList section */
		CEA88559280FF9750095EDED /* Build configuration list for PBXProject "recipeSaver" */ = {
			isa = XCConfigurationList;
			buildConfigurations = (
				CEA8856B280FF9780095EDED /* Debug */,
				CEA8856C280FF9780095EDED /* Release */,
			);
			defaultConfigurationIsVisible = 0;
			defaultConfigurationName = Release;
		};
		CEA8856D280FF9780095EDED /* Build configuration list for PBXNativeTarget "recipeSaver" */ = {
			isa = XCConfigurationList;
			buildConfigurations = (
				CEA8856E280FF9780095EDED /* Debug */,
				CEA8856F280FF9780095EDED /* Release */,
			);
			defaultConfigurationIsVisible = 0;
			defaultConfigurationName = Release;
		};
/* End XCConfigurationList section */
	};
	rootObject = CEA88556280FF9750095EDED /* Project object */;
}
